Microsoft Visual Studio Solution File, Format Version 12.00
# Visual Studio 2012
Project("{FAE04EC0-301F-11D3-BF4B-00C04F79EFBC}") = "flappy", "flappy.csproj", "{92DF5D9D-7531-4996-AE38-7DDAFEE0971D}"
EndProject
Global
	GlobalSection(SolutionConfigurationPlatforms) = preSolution
	Debug|Any CPU = Debug|Any CPU
	ExportDebug|Any CPU = ExportDebug|Any CPU
	ExportRelease|Any CPU = ExportRelease|Any CPU
	EndGlobalSection
	GlobalSection(ProjectConfigurationPlatforms) = postSolution
		{92DF5D9D-7531-4996-AE38-7DDAFEE0971D}.Debug|Any CPU.ActiveCfg = Debug|Any CPU
		{92DF5D9D-7531-4996-AE38-7DDAFEE0971D}.Debug|Any CPU.Build.0 = Debug|Any CPU
		{92DF5D9D-7531-4996-AE38-7DDAFEE0971D}.ExportDebug|Any CPU.ActiveCfg = ExportDebug|Any CPU
		{92DF5D9D-7531-4996-AE38-7DDAFEE0971D}.ExportDebug|Any CPU.Build.0 = ExportDebug|Any CPU
		{92DF5D9D-7531-4996-AE38-7DDAFEE0971D}.ExportRelease|Any CPU.ActiveCfg = ExportRelease|Any CPU
		{92DF5D9D-7531-4996-AE38-7DDAFEE0971D}.ExportRelease|Any CPU.Build.0 = ExportRelease|Any CPU
	EndGlobalSection
EndGlobal
